
Microsoft Visual Studio Solution File, Format Version 12.00
# Visual Studio Version 16
VisualStudioVersion = 16.0.30717.126
MinimumVisualStudioVersion = 10.0.40219.1
Project("{FAE04EC0-301F-11D3-BF4B-00C04F79EFBC}") = "BooklistRazor", "BooklistRazor\BooklistRazor.csproj", "{AEE64D21-4FA7-4F10-A781-C0106281646A}"
EndProject
Global
	GlobalSection(SolutionConfigurationPlatforms) = preSolution
		Debug|Any CPU = Debug|Any CPU
		Release|Any CPU = Release|Any CPU
	EndGlobalSection
	GlobalSection(ProjectConfigurationPlatforms) = postSolution
		{AEE64D21-4FA7-4F10-A781-C0106281646A}.Debug|Any CPU.ActiveCfg = Debug|Any CPU
		{AEE64D21-4FA7-4F10-A781-C0106281646A}.Debug|Any CPU.Build.0 = Debug|Any CPU
		{AEE64D21-4FA7-4F10-A781-C0106281646A}.Release|Any CPU.ActiveCfg = Release|Any CPU
		{AEE64D21-4FA7-4F10-A781-C0106281646A}.Release|Any CPU.Build.0 = Release|Any CPU
	EndGlobalSection
	GlobalSection(SolutionProperties) = preSolution
		HideSolutionNode = FALSE
	EndGlobalSection
	GlobalSection(ExtensibilityGlobals) = postSolution
		SolutionGuid = {A04B6293-7E1C-4E88-A670-1B20A6B4DC6D}
	EndGlobalSection
EndGlobal
